
Microsoft Visual Studio Solution File, Format Version 12.00
# Visual Studio Version 16
VisualStudioVersion = 16.0.30517.126
MinimumVisualStudioVersion = 10.0.40219.1
Project("{8BC9CEB8-8B4A-11D0-8D11-00A0C91BC942}") = "AxisX", "AxisX\AxisX.vcxproj", "{72C4A629-C937-46FC-A0AB-731CBCD467AE}"
EndProject
Global
	GlobalSection(SolutionConfigurationPlatforms) = preSolution
		Debug|x64 = Debug|x64
		Release|x64 = Release|x64
		Unicode Debug|x64 = Unicode Debug|x64
		Unicode Release|x64 = Unicode Release|x64
	EndGlobalSection
	GlobalSection(ProjectConfigurationPlatforms) = postSolution
		{72C4A629-C937-46FC-A0AB-731CBCD467AE}.Debug|x64.ActiveCfg = Debug|x64
		{72C4A629-C937-46FC-A0AB-731CBCD467AE}.Debug|x64.Build.0 = Debug|x64
		{72C4A629-C937-46FC-A0AB-731CBCD467AE}.Release|x64.ActiveCfg = Release|x64
		{72C4A629-C937-46FC-A0AB-731CBCD467AE}.Release|x64.Build.0 = Release|x64
		{72C4A629-C937-46FC-A0AB-731CBCD467AE}.Unicode Debug|x64.ActiveCfg = Debug|x64
		{72C4A629-C937-46FC-A0AB-731CBCD467AE}.Unicode Debug|x64.Build.0 = Debug|x64
		{72C4A629-C937-46FC-A0AB-731CBCD467AE}.Unicode Release|x64.ActiveCfg = Release|x64
		{72C4A629-C937-46FC-A0AB-731CBCD467AE}.Unicode Release|x64.Build.0 = Release|x64
	EndGlobalSection
	GlobalSection(SolutionProperties) = preSolution
		HideSolutionNode = FALSE
	EndGlobalSection
	GlobalSection(ExtensibilityGlobals) = postSolution
		SolutionGuid = {9EE00FB5-184A-4121-9D70-19B8855FF95E}
	EndGlobalSection
EndGlobal
